
Microsoft Visual Studio Solution File, Format Version 12.00
# Visual Studio 15
VisualStudioVersion = 15.0.28307.421
MinimumVisualStudioVersion = 10.0.40219.1
Project("{8BC9CEB8-8B4A-11D0-8D11-00A0C91BC942}") = "SODUKU", "SODUKU\SODUKU.vcxproj", "{6F1BAC20-D151-4774-AEC4-AAB4F69F9841}"
EndProject
Global
	GlobalSection(SolutionConfigurationPlatforms) = preSolution
		Debug|x64 = Debug|x64
		Debug|x86 = Debug|x86
		Release|x64 = Release|x64
		Release|x86 = Release|x86
	EndGlobalSection
	GlobalSection(ProjectConfigurationPlatforms) = postSolution
		{6F1BAC20-D151-4774-AEC4-AAB4F69F9841}.Debug|x64.ActiveCfg = Debug|x64
		{6F1BAC20-D151-4774-AEC4-AAB4F69F9841}.Debug|x64.Build.0 = Debug|x64
		{6F1BAC20-D151-4774-AEC4-AAB4F69F9841}.Debug|x86.ActiveCfg = Debug|Win32
		{6F1BAC20-D151-4774-AEC4-AAB4F69F9841}.Debug|x86.Build.0 = Debug|Win32
		{6F1BAC20-D151-4774-AEC4-AAB4F69F9841}.Release|x64.ActiveCfg = Release|x64
		{6F1BAC20-D151-4774-AEC4-AAB4F69F9841}.Release|x64.Build.0 = Release|x64
		{6F1BAC20-D151-4774-AEC4-AAB4F69F9841}.Release|x86.ActiveCfg = Release|Win32
		{6F1BAC20-D151-4774-AEC4-AAB4F69F9841}.Release|x86.Build.0 = Release|Win32
	EndGlobalSection
	GlobalSection(SolutionProperties) = preSolution
		HideSolutionNode = FALSE
	EndGlobalSection
	GlobalSection(ExtensibilityGlobals) = postSolution
		SolutionGuid = {78A71E2B-CABF-4012-946A-CEB96D5D417B}
	EndGlobalSection
EndGlobal
